
Microsoft Visual Studio Solution File, Format Version 12.00
# Visual Studio Version 16
VisualStudioVersion = 16.0.29728.190
MinimumVisualStudioVersion = 10.0.40219.1
Project("{9A19103F-16F7-4668-BE54-9A1E7A4F7556}") = "TradingCardGameCore", "TradingCardGameCore\TradingCardGameCore.csproj", "{A57A2CC8-12A0-4114-86FD-D580B1A593BB}"
EndProject
Global
	GlobalSection(SolutionConfigurationPlatforms) = preSolution
		Debug|Any CPU = Debug|Any CPU
		Release|Any CPU = Release|Any CPU
	EndGlobalSection
	GlobalSection(ProjectConfigurationPlatforms) = postSolution
		{A57A2CC8-12A0-4114-86FD-D580B1A593BB}.Debug|Any CPU.ActiveCfg = Debug|Any CPU
		{A57A2CC8-12A0-4114-86FD-D580B1A593BB}.Debug|Any CPU.Build.0 = Debug|Any CPU
		{A57A2CC8-12A0-4114-86FD-D580B1A593BB}.Release|Any CPU.ActiveCfg = Release|Any CPU
		{A57A2CC8-12A0-4114-86FD-D580B1A593BB}.Release|Any CPU.Build.0 = Release|Any CPU
	EndGlobalSection
	GlobalSection(SolutionProperties) = preSolution
		HideSolutionNode = FALSE
	EndGlobalSection
	GlobalSection(ExtensibilityGlobals) = postSolution
		SolutionGuid = {E74F0A7F-8CD2-4C1F-B375-C79FD5DF7E3C}
	EndGlobalSection
EndGlobal
